
Microsoft Visual Studio Solution File, Format Version 12.00
# Visual Studio Express 2012 for Windows Desktop
Project("{FAE04EC0-301F-11D3-BF4B-00C04F79EFBC}") = "turnaj", "turnaj\turnaj.csproj", "{767FD5EE-D828-485F-8A53-404CD028C01B}"
EndProject
Global
	GlobalSection(SolutionConfigurationPlatforms) = preSolution
		Debug|Any CPU = Debug|Any CPU
		Release|Any CPU = Release|Any CPU
	EndGlobalSection
	GlobalSection(ProjectConfigurationPlatforms) = postSolution
		{767FD5EE-D828-485F-8A53-404CD028C01B}.Debug|Any CPU.ActiveCfg = Debug|Any CPU
		{767FD5EE-D828-485F-8A53-404CD028C01B}.Debug|Any CPU.Build.0 = Debug|Any CPU
		{767FD5EE-D828-485F-8A53-404CD028C01B}.Release|Any CPU.ActiveCfg = Release|Any CPU
		{767FD5EE-D828-485F-8A53-404CD028C01B}.Release|Any CPU.Build.0 = Release|Any CPU
	EndGlobalSection
	GlobalSection(SolutionProperties) = preSolution
		HideSolutionNode = FALSE
	EndGlobalSection
EndGlobal
